
Microsoft Visual Studio Solution File, Format Version 12.00
# Visual Studio Version 17
VisualStudioVersion = 17.1.32414.318
MinimumVisualStudioVersion = 10.0.40219.1
Project("{8BC9CEB8-8B4A-11D0-8D11-00A0C91BC942}") = "Test5_3", "Test5_3\Test5_3.vcxproj", "{2D3EA1B3-D7C1-4C66-BC00-A0377EE42DA1}"
EndProject
Global
	GlobalSection(SolutionConfigurationPlatforms) = preSolution
		Debug|x64 = Debug|x64
		Debug|x86 = Debug|x86
		Release|x64 = Release|x64
		Release|x86 = Release|x86
	EndGlobalSection
	GlobalSection(ProjectConfigurationPlatforms) = postSolution
		{2D3EA1B3-D7C1-4C66-BC00-A0377EE42DA1}.Debug|x64.ActiveCfg = Debug|x64
		{2D3EA1B3-D7C1-4C66-BC00-A0377EE42DA1}.Debug|x64.Build.0 = Debug|x64
		{2D3EA1B3-D7C1-4C66-BC00-A0377EE42DA1}.Debug|x86.ActiveCfg = Debug|Win32
		{2D3EA1B3-D7C1-4C66-BC00-A0377EE42DA1}.Debug|x86.Build.0 = Debug|Win32
		{2D3EA1B3-D7C1-4C66-BC00-A0377EE42DA1}.Release|x64.ActiveCfg = Release|x64
		{2D3EA1B3-D7C1-4C66-BC00-A0377EE42DA1}.Release|x64.Build.0 = Release|x64
		{2D3EA1B3-D7C1-4C66-BC00-A0377EE42DA1}.Release|x86.ActiveCfg = Release|Win32
		{2D3EA1B3-D7C1-4C66-BC00-A0377EE42DA1}.Release|x86.Build.0 = Release|Win32
	EndGlobalSection
	GlobalSection(SolutionProperties) = preSolution
		HideSolutionNode = FALSE
	EndGlobalSection
	GlobalSection(ExtensibilityGlobals) = postSolution
		SolutionGuid = {6FF5CC50-E9F4-43BB-8C43-D646BDBE396A}
	EndGlobalSection
EndGlobal
